// !$*UTF8*$!
{
	archiveVersion = 1;
	classes = {
	};
	objectVersion = 46;
	objects = {

/* Begin PBXBuildFile section */
		A17D83CD1CA2219A00A2EC98 /* AppDelegate.swift in Sources */ = {isa = PBXBuildFile; fileRef = A17D83CC1CA2219A00A2EC98 /* AppDelegate.swift */; };
		A17D83CF1CA2219A00A2EC98 /* ViewController.swift in Sources */ = {isa = PBXBuildFile; fileRef = A17D83CE1CA2219A00A2EC98 /* ViewController.swift */; };
		A17D83D21CA2219A00A2EC98 /* Main.storyboard in Resources */ = {isa = PBXBuildFile; fileRef = A17D83D01CA2219A00A2EC98 /* Main.storyboard */; };
		A17D83D41CA2219A00A2EC98 /* Assets.xcassets in Resources */ = {isa = PBXBuildFile; fileRef = A17D83D31CA2219A00A2EC98 /* Assets.xcassets */; };
		A17D83D71CA2219A00A2EC98 /* LaunchScreen.storyboard in Resources */ = {isa = PBXBuildFile; fileRef = A17D83D51CA2219A00A2EC98 /* LaunchScreen.storyboard */; };
/* End PBXBuildFile section */

/* Begin PBXFileReference section */
		A17D83C91CA2219A00A2EC98 /* MyHood.app */ = {isa = PBXFileReference; explicitFileType = wrapper.application; includeInIndex = 0; path = MyHood.app; sourceTree = BUILT_PRODUCTS_DIR; };
		A17D83CC1CA2219A00A2EC98 /* AppDelegate.swift */ = {isa = PBXFileReference; lastKnownFileType = sourcecode.swift; path = AppDelegate.swift; sourceTree = "<group>"; };
		A17D83CE1CA2219A00A2EC98 /* ViewController.swift */ = {isa = PBXFileReference; lastKnownFileType = sourcecode.swift; path = ViewController.swift; sourceTree = "<group>"; };
		A17D83D11CA2219A00A2EC98 /* Base */ = {isa = PBXFileReference; lastKnownFileType = file.storyboard; name = Base; path = Base.lproj/Main.storyboard; sourceTree = "<group>"; };
		A17D83D31CA2219A00A2EC98 /* Assets.xcassets */ = {isa = PBXFileReference; lastKnownFileType = folder.assetcatalog; path = Assets.xcassets; sourceTree = "<group>"; };
		A17D83D61CA2219A00A2EC98 /* Base */ = {isa = PBXFileReference; lastKnownFileType = file.storyboard; name = Base; path = Base.lproj/LaunchScreen.storyboard; sourceTree = "<group>"; };
		A17D83D81CA2219A00A2EC98 /* Info.plist */ = {isa = PBXFileReference; lastKnownFileType = text.plist.xml; path = Info.plist; sourceTree = "<group>"; };
/* End PBXFileReference section */

/* Begin PBXFrameworksBuildPhase section */
		A17D83C61CA2219A00A2EC98 /* Frameworks */ = {
			isa = PBXFrameworksBuildPhase;
			buildActionMask = 2147483647;
			files = (
			);
			runOnlyForDeploymentPostprocessing = 0;
		};
/* End PBXFrameworksBuildPhase section */

/* Begin PBXGroup section */
		A17D83C01CA2219A00A2EC98 = {
			isa = PBXGroup;
			children = (
				A17D83CB1CA2219A00A2EC98 /* MyHood */,
				A17D83CA1CA2219A00A2EC98 /* Products */,
			);
			sourceTree = "<group>";
		};
		A17D83CA1CA2219A00A2EC98 /* Products */ = {
			isa = PBXGroup;
			children = (
				A17D83C91CA2219A00A2EC98 /* MyHood.app */,
			);
			name = Products;
			sourceTree = "<group>";
		};
		A17D83CB1CA2219A00A2EC98 /* MyHood */ = {
			isa = PBXGroup;
			children = (
				A17D83CC1CA2219A00A2EC98 /* AppDelegate.swift */,
				A17D83CE1CA2219A00A2EC98 /* ViewController.swift */,
				A17D83D01CA2219A00A2EC98 /* Main.storyboard */,
				A17D83D31CA2219A00A2EC98 /* Assets.xcassets */,
				A17D83D51CA2219A00A2EC98 /* LaunchScreen.storyboard */,
				A17D83D81CA2219A00A2EC98 /* Info.plist */,
			);
			path = MyHood;
			sourceTree = "<group>";
		};
/* End PBXGroup section */

/* Begin PBXNativeTarget section */
		A17D83C81CA2219A00A2EC98 /* MyHood */ = {
			isa = PBXNativeTarget;
			buildConfigurationList = A17D83DB1CA2219A00A2EC98 /* Build configuration list for PBXNativeTarget "MyHood" */;
			buildPhases = (
				A17D83C51CA2219A00A2EC98 /* Sources */,
				A17D83C61CA2219A00A2EC98 /* Frameworks */,
				A17D83C71CA2219A00A2EC98 /* Resources */,
			);
			buildRules = (
			);
			dependencies = (
			);
			name = MyHood;
			productName = MyHood;
			productReference = A17D83C91CA2219A00A2EC98 /* MyHood.app */;
			productType = "com.apple.product-type.application";
		};
/* End PBXNativeTarget section */

/* Begin PBXProject section */
		A17D83C11CA2219A00A2EC98 /* Project object */ = {
			isa = PBXProject;
			attributes = {
				LastSwiftUpdateCheck = 0720;
				LastUpgradeCheck = 0720;
				ORGANIZATIONNAME = "Chris Hovey";
				TargetAttributes = {
					A17D83C81CA2219A00A2EC98 = {
						CreatedOnToolsVersion = 7.2;
						DevelopmentTeam = 3723XBBGR7;
					};
				};
			};
			buildConfigurationList = A17D83C41CA2219A00A2EC98 /* Build configuration list for PBXProject "MyHood" */;
			compatibilityVersion = "Xcode 3.2";
			developmentRegion = English;
			hasScannedForEncodings = 0;
			knownRegions = (
				en,
				Base,
			);
			mainGroup = A17D83C01CA2219A00A2EC98;
			productRefGroup = A17D83CA1CA2219A00A2EC98 /* Products */;
			projectDirPath = "";
			projectRoot = "";
			targets = (
				A17D83C81CA2219A00A2EC98 /* MyHood */,
			);
		};
/* End PBXProject section */

/* Begin PBXResourcesBuildPhase section */
		A17D83C71CA2219A00A2EC98 /* Resources */ = {
			isa = PBXResourcesBuildPhase;
			buildActionMask = 2147483647;
			files = (
				A17D83D71CA2219A00A2EC98 /* LaunchScreen.storyboard in Resources */,
				A17D83D41CA2219A00A2EC98 /* Assets.xcassets in Resources */,
				A17D83D21CA2219A00A2EC98 /* Main.storyboard in Resources */,
			);
			runOnlyForDeploymentPostprocessing = 0;
		};
/* End PBXResourcesBuildPhase section */

/* Begin PBXSourcesBuildPhase section */
		A17D83C51CA2219A00A2EC98 /* Sources */ = {
			isa = PBXSourcesBuildPhase;
			buildActionMask = 2147483647;
			files = (
				A17D83CF1CA2219A00A2EC98 /* ViewController.swift in Sources */,
				A17D83CD1CA2219A00A2EC98 /* AppDelegate.swift in Sources */,
			);
			runOnlyForDeploymentPostprocessing = 0;
		};
/* End PBXSourcesBuildPhase section */

/* Begin PBXVariantGroup section */
		A17D83D01CA2219A00A2EC98 /* Main.storyboard */ = {
			isa = PBXVariantGroup;
			children = (
				A17D83D11CA2219A00A2EC98 /* Base */,
			);
			name = Main.storyboard;
			sourceTree = "<group>";
		};
		A17D83D51CA2219A00A2EC98 /* LaunchScreen.storyboard */ = {
			isa = PBXVariantGroup;
			children = (
				A17D83D61CA2219A00A2EC98 /* Base */,
			);
			name = LaunchScreen.storyboard;
			sourceTree = "<group>";
		};
/* End PBXVariantGroup section */

/* Begin XCBuildConfiguration section */
		A17D83D91CA2219A00A2EC98 /* Debug */ = {
			isa = XCBuildConfiguration;
			buildSettings = {
				ALWAYS_SEARCH_USER_PATHS = NO;
				CLANG_CXX_LANGUAGE_STANDARD = "gnu++0x";
				CLANG_CXX_LIBRARY = "libc++";
				CLANG_ENABLE_MODULES = YES;
				CLANG_ENABLE_OBJC_ARC = YES;
				CLANG_WARN_BOOL_CONVERSION = YES;
				CLANG_WARN_CONSTANT_CONVERSION = YES;
				CLANG_WARN_DIRECT_OBJC_ISA_USAGE = YES_ERROR;
				CLANG_WARN_EMPTY_BODY = YES;
				CLANG_WARN_ENUM_CONVERSION = YES;
				CLANG_WARN_INT_CONVERSION = YES;
				CLANG_WARN_OBJC_ROOT_CLASS = YES_ERROR;
				CLANG_WARN_UNREACHABLE_CODE = YES;
				CLANG_WARN__DUPLICATE_METHOD_MATCH = YES;
				"CODE_SIGN_IDENTITY[sdk=iphoneos*]" = "iPhone Developer";
				COPY_PHASE_STRIP = NO;
				DEBUG_INFORMATION_FORMAT = dwarf;
				ENABLE_STRICT_OBJC_MSGSEND = YES;
				ENABLE_TESTABILITY = YES;
				GCC_C_LANGUAGE_STANDARD = gnu99;
				GCC_DYNAMIC_NO_PIC = NO;
				GCC_NO_COMMON_BLOCKS = YES;
				GCC_OPTIMIZATION_LEVEL = 0;
				GCC_PREPROCESSOR_DEFINITIONS = (
					"DEBUG=1",
					"$(inherited)",
				);
				GCC_WARN_64_TO_32_BIT_CONVERSION = YES;
				GCC_WARN_ABOUT_RETURN_TYPE = YES_ERROR;
				GCC_WARN_UNDECLARED_SELECTOR = YES;
				GCC_WARN_UNINITIALIZED_AUTOS = YES_AGGRESSIVE;
				GCC_WARN_UNUSED_FUNCTION = YES;
				GCC_WARN_UNUSED_VARIABLE = YES;
				IPHONEOS_DEPLOYMENT_TARGET = 9.2;
				MTL_ENABLE_DEBUG_INFO = YES;
				ONLY_ACTIVE_ARCH = YES;
				SDKROOT = iphoneos;
				SWIFT_OPTIMIZATION_LEVEL = "-Onone";
				TARGETED_DEVICE_FAMILY = "1,2";
			};
			name = Debug;
		};
		A17D83DA1CA2219A00A2EC98 /* Release */ = {
			isa = XCBuildConfiguration;
			buildSettings = {
				ALWAYS_SEARCH_USER_PATHS = NO;
				CLANG_CXX_LANGUAGE_STANDARD = "gnu++0x";
				CLANG_CXX_LIBRARY = "libc++";
				CLANG_ENABLE_MODULES = YES;
				CLANG_ENABLE_OBJC_ARC = YES;
				CLANG_WARN_BOOL_CONVERSION = YES;
				CLANG_WARN_CONSTANT_CONVERSION = YES;
				CLANG_WARN_DIRECT_OBJC_ISA_USAGE = YES_ERROR;
				CLANG_WARN_EMPTY_BODY = YES;
				CLANG_WARN_ENUM_CONVERSION = YES;
				CLANG_WARN_INT_CONVERSION = YES;
				CLANG_WARN_OBJC_ROOT_CLASS = YES_ERROR;
				CLANG_WARN_UNREACHABLE_CODE = YES;
				CLANG_WARN__DUPLICATE_METHOD_MATCH = YES;
				"CODE_SIGN_IDENTITY[sdk=iphoneos*]" = "iPhone Developer";
				COPY_PHASE_STRIP = NO;
				DEBUG_INFORMATION_FORMAT = "dwarf-with-dsym";
				ENABLE_NS_ASSERTIONS = NO;
				ENABLE_STRICT_OBJC_MSGSEND = YES;
				GCC_C_LANGUAGE_STANDARD = gnu99;
				GCC_NO_COMMON_BLOCKS = YES;
				GCC_WARN_64_TO_32_BIT_CONVERSION = YES;
				GCC_WARN_ABOUT_RETURN_TYPE = YES_ERROR;
				GCC_WARN_UNDECLARED_SELECTOR = YES;
				GCC_WARN_UNINITIALIZED_AUTOS = YES_AGGRESSIVE;
				GCC_WARN_UNUSED_FUNCTION = YES;
				GCC_WARN_UNUSED_VARIABLE = YES;
				IPHONEOS_DEPLOYMENT_TARGET = 9.2;
				MTL_ENABLE_DEBUG_INFO = NO;
				SDKROOT = iphoneos;
				TARGETED_DEVICE_FAMILY = "1,2";
				VALIDATE_PRODUCT = YES;
			};
			name = Release;
		};
		A17D83DC1CA2219A00A2EC98 /* Debug */ = {
			isa = XCBuildConfiguration;
			buildSettings = {
				ASSETCATALOG_COMPILER_APPICON_NAME = AppIcon;
				INFOPLIST_FILE = MyHood/Info.plist;
				LD_RUNPATH_SEARCH_PATHS = "$(inherited) @executable_path/Frameworks";
				PRODUCT_BUNDLE_IDENTIFIER = com.chrishovey.MyHood;
				PRODUCT_NAME = "$(TARGET_NAME)";
			};
			name = Debug;
		};
		A17D83DD1CA2219A00A2EC98 /* Release */ = {
			isa = XCBuildConfiguration;
			buildSettings = {
				ASSETCATALOG_COMPILER_APPICON_NAME = AppIcon;
				INFOPLIST_FILE = MyHood/Info.plist;
				LD_RUNPATH_SEARCH_PATHS = "$(inherited) @executable_path/Frameworks";
				PRODUCT_BUNDLE_IDENTIFIER = com.chrishovey.MyHood;
				PRODUCT_NAME = "$(TARGET_NAME)";
			};
			name = Release;
		};
/* End XCBuildConfiguration section */

/* Begin XCConfigurationList section */
		A17D83C41CA2219A00A2EC98 /* Build configuration list for PBXProject "MyHood" */ = {
			isa = XCConfigurationList;
			buildConfigurations = (
				A17D83D91CA2219A00A2EC98 /* Debug */,
				A17D83DA1CA2219A00A2EC98 /* Release */,
			);
			defaultConfigurationIsVisible = 0;
			defaultConfigurationName = Release;
		};
		A17D83DB1CA2219A00A2EC98 /* Build configuration list for PBXNativeTarget "MyHood" */ = {
			isa = XCConfigurationList;
			buildConfigurations = (
				A17D83DC1CA2219A00A2EC98 /* Debug */,
				A17D83DD1CA2219A00A2EC98 /* Release */,
			);
			defaultConfigurationIsVisible = 0;
		};
/* End XCConfigurationList section */
	};
	rootObject = A17D83C11CA2219A00A2EC98 /* Project object */;
}
